Microsoft Visual Studio Solution File, Format Version 12.00
# Visual Studio Version 17
VisualStudioVersion = 17.5.2.0
MinimumVisualStudioVersion = 10.0.40219.1
Project("{FAE04EC0-301F-11D3-BF4B-00C04F79EFBC}") = "PayLink", "PayLink.csproj", "{E35DA845-3880-EB75-D967-62478D9015ED}"
EndProject
Global
	GlobalSection(SolutionConfigurationPlatforms) = preSolution
		Debug|Any CPU = Debug|Any CPU
		Release|Any CPU = Release|Any CPU
	EndGlobalSection
	GlobalSection(ProjectConfigurationPlatforms) = postSolution
		{E35DA845-3880-EB75-D967-62478D9015ED}.Debug|Any CPU.ActiveCfg = Debug|Any CPU
		{E35DA845-3880-EB75-D967-62478D9015ED}.Debug|Any CPU.Build.0 = Debug|Any CPU
		{E35DA845-3880-EB75-D967-62478D9015ED}.Release|Any CPU.ActiveCfg = Release|Any CPU
		{E35DA845-3880-EB75-D967-62478D9015ED}.Release|Any CPU.Build.0 = Release|Any CPU
	EndGlobalSection
	GlobalSection(SolutionProperties) = preSolution
		HideSolutionNode = FALSE
	EndGlobalSection
	GlobalSection(ExtensibilityGlobals) = postSolution
		SolutionGuid = {DA6D4592-AF59-4072-86E5-1306C5EFEB2D}
	EndGlobalSection
EndGlobal
